
Microsoft Visual Studio Solution File, Format Version 11.00
# Visual Studio 2010
Project("{8BC9CEB8-8B4A-11D0-8D11-00A0C91BC942}") = "CumulativePowerAnalyzer", "CumulativePowerAnalyzer\CumulativePowerAnalyzer.vcxproj", "{0DD53492-72F9-4325-B9CA-79A6B4A43DA2}"
EndProject
Global
	GlobalSection(SolutionConfigurationPlatforms) = preSolution
		Debug|Win32 = Debug|Win32
		Release|Win32 = Release|Win32
	EndGlobalSection
	GlobalSection(ProjectConfigurationPlatforms) = postSolution
		{0DD53492-72F9-4325-B9CA-79A6B4A43DA2}.Debug|Win32.ActiveCfg = Debug|Win32
		{0DD53492-72F9-4325-B9CA-79A6B4A43DA2}.Debug|Win32.Build.0 = Debug|Win32
		{0DD53492-72F9-4325-B9CA-79A6B4A43DA2}.Release|Win32.ActiveCfg = Release|Win32
		{0DD53492-72F9-4325-B9CA-79A6B4A43DA2}.Release|Win32.Build.0 = Release|Win32
	EndGlobalSection
	GlobalSection(SolutionProperties) = preSolution
		HideSolutionNode = FALSE
	EndGlobalSection
EndGlobal
